
Microsoft Visual Studio Solution File, Format Version 12.00
# Visual Studio 2013
VisualStudioVersion = 12.0.30723.0
MinimumVisualStudioVersion = 10.0.40219.1
Project("{F2A71F9B-5D33-465A-A702-920D77279786}") = "AbstractLALR.Test", "AbstractLALR.Test\AbstractLALR.Test.fsproj", "{0FC46E0D-FB8A-466F-9FCA-9A995BFC8E14}"
	ProjectSection(ProjectDependencies) = postProject
		{7BED4745-32DA-40AF-AA45-4F4CC0F0EC05} = {7BED4745-32DA-40AF-AA45-4F4CC0F0EC05}
	EndProjectSection
EndProject
Project("{F2A71F9B-5D33-465A-A702-920D77279786}") = "AbstractLALR", "..\AbstractLALR\AbstractLALR\AbstractLALR.fsproj", "{7BED4745-32DA-40AF-AA45-4F4CC0F0EC05}"
EndProject
Global
	GlobalSection(SolutionConfigurationPlatforms) = preSolution
		Debug|Any CPU = Debug|Any CPU
		Release|Any CPU = Release|Any CPU
	EndGlobalSection
	GlobalSection(ProjectConfigurationPlatforms) = postSolution
		{0FC46E0D-FB8A-466F-9FCA-9A995BFC8E14}.Debug|Any CPU.ActiveCfg = Debug|Any CPU
		{0FC46E0D-FB8A-466F-9FCA-9A995BFC8E14}.Debug|Any CPU.Build.0 = Debug|Any CPU
		{0FC46E0D-FB8A-466F-9FCA-9A995BFC8E14}.Release|Any CPU.ActiveCfg = Release|Any CPU
		{0FC46E0D-FB8A-466F-9FCA-9A995BFC8E14}.Release|Any CPU.Build.0 = Release|Any CPU
		{7BED4745-32DA-40AF-AA45-4F4CC0F0EC05}.Debug|Any CPU.ActiveCfg = Debug|Any CPU
		{7BED4745-32DA-40AF-AA45-4F4CC0F0EC05}.Debug|Any CPU.Build.0 = Debug|Any CPU
		{7BED4745-32DA-40AF-AA45-4F4CC0F0EC05}.Release|Any CPU.ActiveCfg = Release|Any CPU
		{7BED4745-32DA-40AF-AA45-4F4CC0F0EC05}.Release|Any CPU.Build.0 = Release|Any CPU
	EndGlobalSection
	GlobalSection(SolutionProperties) = preSolution
		HideSolutionNode = FALSE
	EndGlobalSection
EndGlobal
